// !$*UTF8*$!
{
	archiveVersion = 1;
	classes = {
	};
	objectVersion = 50;
	objects = {

/* Begin PBXBuildFile section */
		238271972CC9EC48FD5B6A0A /* Pods_mie_project.framework in Frameworks */ = {isa = PBXBuildFile; fileRef = 31B3AB79F4D34643AD5A0F76 /* Pods_mie_project.framework */; };
		8FAF947021AF2002004E1BEA /* AppDelegate.swift in Sources */ = {isa = PBXBuildFile; fileRef = 8FAF946F21AF2002004E1BEA /* AppDelegate.swift */; };
		8FAF947521AF2002004E1BEA /* Main.storyboard in Resources */ = {isa = PBXBuildFile; fileRef = 8FAF947321AF2002004E1BEA /* Main.storyboard */; };
		8FAF947721AF2004004E1BEA /* Assets.xcassets in Resources */ = {isa = PBXBuildFile; fileRef = 8FAF947621AF2004004E1BEA /* Assets.xcassets */; };
		8FAF947A21AF2004004E1BEA /* LaunchScreen.storyboard in Resources */ = {isa = PBXBuildFile; fileRef = 8FAF947821AF2004004E1BEA /* LaunchScreen.storyboard */; };
		8FAF948321AF2063004E1BEA /* TableViewController.swift in Sources */ = {isa = PBXBuildFile; fileRef = 8FAF948121AF2063004E1BEA /* TableViewController.swift */; };
		8FAF948921AF3A65004E1BEA /* TableViewCell.swift in Sources */ = {isa = PBXBuildFile; fileRef = 8FAF948721AF3A65004E1BEA /* TableViewCell.swift */; };
		8FAF948A21AF3A65004E1BEA /* TableViewCell.xib in Resources */ = {isa = PBXBuildFile; fileRef = 8FAF948821AF3A65004E1BEA /* TableViewCell.xib */; };
/* End PBXBuildFile section */

/* Begin PBXFileReference section */
		31B3AB79F4D34643AD5A0F76 /* Pods_mie_project.framework */ = {isa = PBXFileReference; explicitFileType = wrapper.framework; includeInIndex = 0; path = Pods_mie_project.framework; sourceTree = BUILT_PRODUCTS_DIR; };
		46AE82AE7D18987C61ACEEA7 /* Pods-mie project.debug.xcconfig */ = {isa = PBXFileReference; includeInIndex = 1; lastKnownFileType = text.xcconfig; name = "Pods-mie project.debug.xcconfig"; path = "Pods/Target Support Files/Pods-mie project/Pods-mie project.debug.xcconfig"; sourceTree = "<group>"; };
		8FAF946C21AF2002004E1BEA /* mie project.app */ = {isa = PBXFileReference; explicitFileType = wrapper.application; includeInIndex = 0; path = "mie project.app"; sourceTree = BUILT_PRODUCTS_DIR; };
		8FAF946F21AF2002004E1BEA /* AppDelegate.swift */ = {isa = PBXFileReference; lastKnownFileType = sourcecode.swift; path = AppDelegate.swift; sourceTree = "<group>"; };
		8FAF947421AF2002004E1BEA /* Base */ = {isa = PBXFileReference; lastKnownFileType = file.storyboard; name = Base; path = Base.lproj/Main.storyboard; sourceTree = "<group>"; };
		8FAF947621AF2004004E1BEA /* Assets.xcassets */ = {isa = PBXFileReference; lastKnownFileType = folder.assetcatalog; path = Assets.xcassets; sourceTree = "<group>"; };
		8FAF947921AF2004004E1BEA /* Base */ = {isa = PBXFileReference; lastKnownFileType = file.storyboard; name = Base; path = Base.lproj/LaunchScreen.storyboard; sourceTree = "<group>"; };
		8FAF947B21AF2004004E1BEA /* Info.plist */ = {isa = PBXFileReference; lastKnownFileType = text.plist.xml; path = Info.plist; sourceTree = "<group>"; };
		8FAF948121AF2063004E1BEA /* TableViewController.swift */ = {isa = PBXFileReference; lastKnownFileType = sourcecode.swift; path = TableViewController.swift; sourceTree = "<group>"; };
		8FAF948721AF3A65004E1BEA /* TableViewCell.swift */ = {isa = PBXFileReference; lastKnownFileType = sourcecode.swift; path = TableViewCell.swift; sourceTree = "<group>"; };
		8FAF948821AF3A65004E1BEA /* TableViewCell.xib */ = {isa = PBXFileReference; lastKnownFileType = file.xib; path = TableViewCell.xib; sourceTree = "<group>"; };
		BFBC933DBBD36780940E67D3 /* Pods-mie project.release.xcconfig */ = {isa = PBXFileReference; includeInIndex = 1; lastKnownFileType = text.xcconfig; name = "Pods-mie project.release.xcconfig"; path = "Pods/Target Support Files/Pods-mie project/Pods-mie project.release.xcconfig"; sourceTree = "<group>"; };
/* End PBXFileReference section */

/* Begin PBXFrameworksBuildPhase section */
		8FAF946921AF2002004E1BEA /* Frameworks */ = {
			isa = PBXFrameworksBuildPhase;
			buildActionMask = 2147483647;
			files = (
				238271972CC9EC48FD5B6A0A /* Pods_mie_project.framework in Frameworks */,
			);
			runOnlyForDeploymentPostprocessing = 0;
		};
/* End PBXFrameworksBuildPhase section */

/* Begin PBXGroup section */
		5FD5ACA839709959E71549B4 /* Frameworks */ = {
			isa = PBXGroup;
			children = (
				31B3AB79F4D34643AD5A0F76 /* Pods_mie_project.framework */,
			);
			name = Frameworks;
			sourceTree = "<group>";
		};
		8FAF946321AF2001004E1BEA = {
			isa = PBXGroup;
			children = (
				8FAF946E21AF2002004E1BEA /* mie project */,
				8FAF946D21AF2002004E1BEA /* Products */,
				A5ED7AB888E0ABBB8ED95D9E /* Pods */,
				5FD5ACA839709959E71549B4 /* Frameworks */,
			);
			sourceTree = "<group>";
		};
		8FAF946D21AF2002004E1BEA /* Products */ = {
			isa = PBXGroup;
			children = (
				8FAF946C21AF2002004E1BEA /* mie project.app */,
			);
			name = Products;
			sourceTree = "<group>";
		};
		8FAF946E21AF2002004E1BEA /* mie project */ = {
			isa = PBXGroup;
			children = (
				8FAF946F21AF2002004E1BEA /* AppDelegate.swift */,
				8FAF948121AF2063004E1BEA /* TableViewController.swift */,
				8FAF948721AF3A65004E1BEA /* TableViewCell.swift */,
				8FAF948821AF3A65004E1BEA /* TableViewCell.xib */,
				8FAF947321AF2002004E1BEA /* Main.storyboard */,
				8FAF947621AF2004004E1BEA /* Assets.xcassets */,
				8FAF947821AF2004004E1BEA /* LaunchScreen.storyboard */,
				8FAF947B21AF2004004E1BEA /* Info.plist */,
			);
			path = "mie project";
			sourceTree = "<group>";
		};
		A5ED7AB888E0ABBB8ED95D9E /* Pods */ = {
			isa = PBXGroup;
			children = (
				46AE82AE7D18987C61ACEEA7 /* Pods-mie project.debug.xcconfig */,
				BFBC933DBBD36780940E67D3 /* Pods-mie project.release.xcconfig */,
			);
			name = Pods;
			sourceTree = "<group>";
		};
/* End PBXGroup section */

/* Begin PBXNativeTarget section */
		8FAF946B21AF2002004E1BEA /* mie project */ = {
			isa = PBXNativeTarget;
			buildConfigurationList = 8FAF947E21AF2004004E1BEA /* Build configuration list for PBXNativeTarget "mie project" */;
			buildPhases = (
				54EEEC68FC54C6E8A6F2CCDB /* [CP] Check Pods Manifest.lock */,
				8FAF946821AF2002004E1BEA /* Sources */,
				8FAF946921AF2002004E1BEA /* Frameworks */,
				8FAF946A21AF2002004E1BEA /* Resources */,
				14657F3E465F0C522D9A5AB5 /* [CP] Embed Pods Frameworks */,
			);
			buildRules = (
			);
			dependencies = (
			);
			name = "mie project";
			productName = "mie project";
			productReference = 8FAF946C21AF2002004E1BEA /* mie project.app */;
			productType = "com.apple.product-type.application";
		};
/* End PBXNativeTarget section */

/* Begin PBXProject section */
		8FAF946421AF2001004E1BEA /* Project object */ = {
			isa = PBXProject;
			attributes = {
				LastSwiftUpdateCheck = 1010;
				LastUpgradeCheck = 1010;
				ORGANIZATIONNAME = mmoura;
				TargetAttributes = {
					8FAF946B21AF2002004E1BEA = {
						CreatedOnToolsVersion = 10.1;
					};
				};
			};
			buildConfigurationList = 8FAF946721AF2001004E1BEA /* Build configuration list for PBXProject "mie project" */;
			compatibilityVersion = "Xcode 9.3";
			developmentRegion = en;
			hasScannedForEncodings = 0;
			knownRegions = (
				en,
				Base,
			);
			mainGroup = 8FAF946321AF2001004E1BEA;
			productRefGroup = 8FAF946D21AF2002004E1BEA /* Products */;
			projectDirPath = "";
			projectRoot = "";
			targets = (
				8FAF946B21AF2002004E1BEA /* mie project */,
			);
		};
/* End PBXProject section */

/* Begin PBXResourcesBuildPhase section */
		8FAF946A21AF2002004E1BEA /* Resources */ = {
			isa = PBXResourcesBuildPhase;
			buildActionMask = 2147483647;
			files = (
				8FAF947A21AF2004004E1BEA /* LaunchScreen.storyboard in Resources */,
				8FAF948A21AF3A65004E1BEA /* TableViewCell.xib in Resources */,
				8FAF947721AF2004004E1BEA /* Assets.xcassets in Resources */,
				8FAF947521AF2002004E1BEA /* Main.storyboard in Resources */,
			);
			runOnlyForDeploymentPostprocessing = 0;
		};
/* End PBXResourcesBuildPhase section */

/* Begin PBXShellScriptBuildPhase section */
		14657F3E465F0C522D9A5AB5 /* [CP] Embed Pods Frameworks */ = {
			isa = PBXShellScriptBuildPhase;
			buildActionMask = 2147483647;
			files = (
			);
			inputFileListPaths = (
			);
			inputPaths = (
				"${SRCROOT}/Pods/Target Support Files/Pods-mie project/Pods-mie project-frameworks.sh",
				"${BUILT_PRODUCTS_DIR}/FoldingCell/FoldingCell.framework",
			);
			name = "[CP] Embed Pods Frameworks";
			outputFileListPaths = (
			);
			outputPaths = (
				"${TARGET_BUILD_DIR}/${FRAMEWORKS_FOLDER_PATH}/FoldingCell.framework",
			);
			runOnlyForDeploymentPostprocessing = 0;
			shellPath = /bin/sh;
			shellScript = "\"${SRCROOT}/Pods/Target Support Files/Pods-mie project/Pods-mie project-frameworks.sh\"\n";
			showEnvVarsInLog = 0;
		};
		54EEEC68FC54C6E8A6F2CCDB /* [CP] Check Pods Manifest.lock */ = {
			isa = PBXShellScriptBuildPhase;
			buildActionMask = 2147483647;
			files = (
			);
			inputFileListPaths = (
			);
			inputPaths = (
				"${PODS_PODFILE_DIR_PATH}/Podfile.lock",
				"${PODS_ROOT}/Manifest.lock",
			);
			name = "[CP] Check Pods Manifest.lock";
			outputFileListPaths = (
			);
			outputPaths = (
				"$(DERIVED_FILE_DIR)/Pods-mie project-checkManifestLockResult.txt",
			);
			runOnlyForDeploymentPostprocessing = 0;
			shellPath = /bin/sh;
			shellScript = "diff \"${PODS_PODFILE_DIR_PATH}/Podfile.lock\" \"${PODS_ROOT}/Manifest.lock\" > /dev/null\nif [ $? != 0 ] ; then\n    # print error to STDERR\n    echo \"error: The sandbox is not in sync with the Podfile.lock. Run 'pod install' or update your CocoaPods installation.\" >&2\n    exit 1\nfi\n# This output is used by Xcode 'outputs' to avoid re-running this script phase.\necho \"SUCCESS\" > \"${SCRIPT_OUTPUT_FILE_0}\"\n";
			showEnvVarsInLog = 0;
		};
/* End PBXShellScriptBuildPhase section */

/* Begin PBXSourcesBuildPhase section */
		8FAF946821AF2002004E1BEA /* Sources */ = {
			isa = PBXSourcesBuildPhase;
			buildActionMask = 2147483647;
			files = (
				8FAF948921AF3A65004E1BEA /* TableViewCell.swift in Sources */,
				8FAF948321AF2063004E1BEA /* TableViewController.swift in Sources */,
				8FAF947021AF2002004E1BEA /* AppDelegate.swift in Sources */,
			);
			runOnlyForDeploymentPostprocessing = 0;
		};
/* End PBXSourcesBuildPhase section */

/* Begin PBXVariantGroup section */
		8FAF947321AF2002004E1BEA /* Main.storyboard */ = {
			isa = PBXVariantGroup;
			children = (
				8FAF947421AF2002004E1BEA /* Base */,
			);
			name = Main.storyboard;
			sourceTree = "<group>";
		};
		8FAF947821AF2004004E1BEA /* LaunchScreen.storyboard */ = {
			isa = PBXVariantGroup;
			children = (
				8FAF947921AF2004004E1BEA /* Base */,
			);
			name = LaunchScreen.storyboard;
			sourceTree = "<group>";
		};
/* End PBXVariantGroup section */

/* Begin XCBuildConfiguration section */
		8FAF947C21AF2004004E1BEA /* Debug */ = {
			isa = XCBuildConfiguration;
			buildSettings = {
				ALWAYS_SEARCH_USER_PATHS = NO;
				CLANG_ANALYZER_NONNULL = YES;
				CLANG_ANALYZER_NUMBER_OBJECT_CONVERSION = YES_AGGRESSIVE;
				CLANG_CXX_LANGUAGE_STANDARD = "gnu++14";
				CLANG_CXX_LIBRARY = "libc++";
				CLANG_ENABLE_MODULES = YES;
				CLANG_ENABLE_OBJC_ARC = YES;
				CLANG_ENABLE_OBJC_WEAK = YES;
				CLANG_WARN_BLOCK_CAPTURE_AUTORELEASING = YES;
				CLANG_WARN_BOOL_CONVERSION = YES;
				CLANG_WARN_COMMA = YES;
				CLANG_WARN_CONSTANT_CONVERSION = YES;
				CLANG_WARN_DEPRECATED_OBJC_IMPLEMENTATIONS = YES;
				CLANG_WARN_DIRECT_OBJC_ISA_USAGE = YES_ERROR;
				CLANG_WARN_DOCUMENTATION_COMMENTS = YES;
				CLANG_WARN_EMPTY_BODY = YES;
				CLANG_WARN_ENUM_CONVERSION = YES;
				CLANG_WARN_INFINITE_RECURSION = YES;
				CLANG_WARN_INT_CONVERSION = YES;
				CLANG_WARN_NON_LITERAL_NULL_CONVERSION = YES;
				CLANG_WARN_OBJC_IMPLICIT_RETAIN_SELF = YES;
				CLANG_WARN_OBJC_LITERAL_CONVERSION = YES;
				CLANG_WARN_OBJC_ROOT_CLASS = YES_ERROR;
				CLANG_WARN_RANGE_LOOP_ANALYSIS = YES;
				CLANG_WARN_STRICT_PROTOTYPES = YES;
				CLANG_WARN_SUSPICIOUS_MOVE = YES;
				CLANG_WARN_UNGUARDED_AVAILABILITY = YES_AGGRESSIVE;
				CLANG_WARN_UNREACHABLE_CODE = YES;
				CLANG_WARN__DUPLICATE_METHOD_MATCH = YES;
				CODE_SIGN_IDENTITY = "iPhone Developer";
				COPY_PHASE_STRIP = NO;
				DEBUG_INFORMATION_FORMAT = dwarf;
				ENABLE_STRICT_OBJC_MSGSEND = YES;
				ENABLE_TESTABILITY = YES;
				GCC_C_LANGUAGE_STANDARD = gnu11;
				GCC_DYNAMIC_NO_PIC = NO;
				GCC_NO_COMMON_BLOCKS = YES;
				GCC_OPTIMIZATION_LEVEL = 0;
				GCC_PREPROCESSOR_DEFINITIONS = (
					"DEBUG=1",
					"$(inherited)",
				);
				GCC_WARN_64_TO_32_BIT_CONVERSION = YES;
				GCC_WARN_ABOUT_RETURN_TYPE = YES_ERROR;
				GCC_WARN_UNDECLARED_SELECTOR = YES;
				GCC_WARN_UNINITIALIZED_AUTOS = YES_AGGRESSIVE;
				GCC_WARN_UNUSED_FUNCTION = YES;
				GCC_WARN_UNUSED_VARIABLE = YES;
				IPHONEOS_DEPLOYMENT_TARGET = 12.1;
				MTL_ENABLE_DEBUG_INFO = INCLUDE_SOURCE;
				MTL_FAST_MATH = YES;
				ONLY_ACTIVE_ARCH = YES;
				SDKROOT = iphoneos;
				SWIFT_ACTIVE_COMPILATION_CONDITIONS = DEBUG;
				SWIFT_OPTIMIZATION_LEVEL = "-Onone";
			};
			name = Debug;
		};
		8FAF947D21AF2004004E1BEA /* Release */ = {
			isa = XCBuildConfiguration;
			buildSettings = {
				ALWAYS_SEARCH_USER_PATHS = NO;
				CLANG_ANALYZER_NONNULL = YES;
				CLANG_ANALYZER_NUMBER_OBJECT_CONVERSION = YES_AGGRESSIVE;
				CLANG_CXX_LANGUAGE_STANDARD = "gnu++14";
				CLANG_CXX_LIBRARY = "libc++";
				CLANG_ENABLE_MODULES = YES;
				CLANG_ENABLE_OBJC_ARC = YES;
				CLANG_ENABLE_OBJC_WEAK = YES;
				CLANG_WARN_BLOCK_CAPTURE_AUTORELEASING = YES;
				CLANG_WARN_BOOL_CONVERSION = YES;
				CLANG_WARN_COMMA = YES;
				CLANG_WARN_CONSTANT_CONVERSION = YES;
				CLANG_WARN_DEPRECATED_OBJC_IMPLEMENTATIONS = YES;
				CLANG_WARN_DIRECT_OBJC_ISA_USAGE = YES_ERROR;
				CLANG_WARN_DOCUMENTATION_COMMENTS = YES;
				CLANG_WARN_EMPTY_BODY = YES;
				CLANG_WARN_ENUM_CONVERSION = YES;
				CLANG_WARN_INFINITE_RECURSION = YES;
				CLANG_WARN_INT_CONVERSION = YES;
				CLANG_WARN_NON_LITERAL_NULL_CONVERSION = YES;
				CLANG_WARN_OBJC_IMPLICIT_RETAIN_SELF = YES;
				CLANG_WARN_OBJC_LITERAL_CONVERSION = YES;
				CLANG_WARN_OBJC_ROOT_CLASS = YES_ERROR;
				CLANG_WARN_RANGE_LOOP_ANALYSIS = YES;
				CLANG_WARN_STRICT_PROTOTYPES = YES;
				CLANG_WARN_SUSPICIOUS_MOVE = YES;
				CLANG_WARN_UNGUARDED_AVAILABILITY = YES_AGGRESSIVE;
				CLANG_WARN_UNREACHABLE_CODE = YES;
				CLANG_WARN__DUPLICATE_METHOD_MATCH = YES;
				CODE_SIGN_IDENTITY = "iPhone Developer";
				COPY_PHASE_STRIP = NO;
				DEBUG_INFORMATION_FORMAT = "dwarf-with-dsym";
				ENABLE_NS_ASSERTIONS = NO;
				ENABLE_STRICT_OBJC_MSGSEND = YES;
				GCC_C_LANGUAGE_STANDARD = gnu11;
				GCC_NO_COMMON_BLOCKS = YES;
				GCC_WARN_64_TO_32_BIT_CONVERSION = YES;
				GCC_WARN_ABOUT_RETURN_TYPE = YES_ERROR;
				GCC_WARN_UNDECLARED_SELECTOR = YES;
				GCC_WARN_UNINITIALIZED_AUTOS = YES_AGGRESSIVE;
				GCC_WARN_UNUSED_FUNCTION = YES;
				GCC_WARN_UNUSED_VARIABLE = YES;
				IPHONEOS_DEPLOYMENT_TARGET = 12.1;
				MTL_ENABLE_DEBUG_INFO = NO;
				MTL_FAST_MATH = YES;
				SDKROOT = iphoneos;
				SWIFT_COMPILATION_MODE = wholemodule;
				SWIFT_OPTIMIZATION_LEVEL = "-O";
				VALIDATE_PRODUCT = YES;
			};
			name = Release;
		};
		8FAF947F21AF2004004E1BEA /* Debug */ = {
			isa = XCBuildConfiguration;
			baseConfigurationReference = 46AE82AE7D18987C61ACEEA7 /* Pods-mie project.debug.xcconfig */;
			buildSettings = {
				ASSETCATALOG_COMPILER_APPICON_NAME = AppIcon;
				CODE_SIGN_STYLE = Automatic;
				DEVELOPMENT_TEAM = M75G2794AJ;
				INFOPLIST_FILE = "mie project/Info.plist";
				LD_RUNPATH_SEARCH_PATHS = (
					"$(inherited)",
					"@executable_path/Frameworks",
				);
				PRODUCT_BUNDLE_IDENTIFIER = "com.mmoura.mie-project";
				PRODUCT_NAME = "$(TARGET_NAME)";
				SWIFT_VERSION = 4.2;
				TARGETED_DEVICE_FAMILY = "1,2";
			};
			name = Debug;
		};
		8FAF948021AF2004004E1BEA /* Release */ = {
			isa = XCBuildConfiguration;
			baseConfigurationReference = BFBC933DBBD36780940E67D3 /* Pods-mie project.release.xcconfig */;
			buildSettings = {
				ASSETCATALOG_COMPILER_APPICON_NAME = AppIcon;
				CODE_SIGN_STYLE = Automatic;
				DEVELOPMENT_TEAM = M75G2794AJ;
				INFOPLIST_FILE = "mie project/Info.plist";
				LD_RUNPATH_SEARCH_PATHS = (
					"$(inherited)",
					"@executable_path/Frameworks",
				);
				PRODUCT_BUNDLE_IDENTIFIER = "com.mmoura.mie-project";
				PRODUCT_NAME = "$(TARGET_NAME)";
				SWIFT_VERSION = 4.2;
				TARGETED_DEVICE_FAMILY = "1,2";
			};
			name = Release;
		};
/* End XCBuildConfiguration section */

/* Begin XCConfigurationList section */
		8FAF946721AF2001004E1BEA /* Build configuration list for PBXProject "mie project" */ = {
			isa = XCConfigurationList;
			buildConfigurations = (
				8FAF947C21AF2004004E1BEA /* Debug */,
				8FAF947D21AF2004004E1BEA /* Release */,
			);
			defaultConfigurationIsVisible = 0;
			defaultConfigurationName = Release;
		};
		8FAF947E21AF2004004E1BEA /* Build configuration list for PBXNativeTarget "mie project" */ = {
			isa = XCConfigurationList;
			buildConfigurations = (
				8FAF947F21AF2004004E1BEA /* Debug */,
				8FAF948021AF2004004E1BEA /* Release */,
			);
			defaultConfigurationIsVisible = 0;
			defaultConfigurationName = Release;
		};
/* End XCConfigurationList section */
	};
	rootObject = 8FAF946421AF2001004E1BEA /* Project object */;
}
